
Microsoft Visual Studio Solution File, Format Version 12.00
# Visual Studio 15
VisualStudioVersion = 15.0.28307.852
MinimumVisualStudioVersion = 10.0.40219.1
Project("{FAE04EC0-301F-11D3-BF4B-00C04F79EFBC}") = "SplitFiles", "SplitFiles\SplitFiles.csproj", "{1482555C-91FE-4A21-80A2-4C9F60939303}"
EndProject
Global
	GlobalSection(SolutionConfigurationPlatforms) = preSolution
		Debug|Any CPU = Debug|Any CPU
		Release|Any CPU = Release|Any CPU
	EndGlobalSection
	GlobalSection(ProjectConfigurationPlatforms) = postSolution
		{1482555C-91FE-4A21-80A2-4C9F60939303}.Debug|Any CPU.ActiveCfg = Debug|Any CPU
		{1482555C-91FE-4A21-80A2-4C9F60939303}.Debug|Any CPU.Build.0 = Debug|Any CPU
		{1482555C-91FE-4A21-80A2-4C9F60939303}.Release|Any CPU.ActiveCfg = Release|Any CPU
		{1482555C-91FE-4A21-80A2-4C9F60939303}.Release|Any CPU.Build.0 = Release|Any CPU
	EndGlobalSection
	GlobalSection(SolutionProperties) = preSolution
		HideSolutionNode = FALSE
	EndGlobalSection
	GlobalSection(ExtensibilityGlobals) = postSolution
		SolutionGuid = {60E2B9B3-F0EF-4469-A69D-836234BDB218}
	EndGlobalSection
EndGlobal
